
Microsoft Visual Studio Solution File, Format Version 12.00
# Visual Studio 15
VisualStudioVersion = 15.0.28307.1433
MinimumVisualStudioVersion = 10.0.40219.1
Project("{FAE04EC0-301F-11D3-BF4B-00C04F79EFBC}") = "AutoParts", "AutoParts\AutoParts.csproj", "{DF1562BE-D33B-40F7-98BD-B041FA3307B3}"
EndProject
Global
	GlobalSection(SolutionConfigurationPlatforms) = preSolution
		Debug|Any CPU = Debug|Any CPU
		Release|Any CPU = Release|Any CPU
	EndGlobalSection
	GlobalSection(ProjectConfigurationPlatforms) = postSolution
		{DF1562BE-D33B-40F7-98BD-B041FA3307B3}.Debug|Any CPU.ActiveCfg = Debug|Any CPU
		{DF1562BE-D33B-40F7-98BD-B041FA3307B3}.Debug|Any CPU.Build.0 = Debug|Any CPU
		{DF1562BE-D33B-40F7-98BD-B041FA3307B3}.Release|Any CPU.ActiveCfg = Release|Any CPU
		{DF1562BE-D33B-40F7-98BD-B041FA3307B3}.Release|Any CPU.Build.0 = Release|Any CPU
	EndGlobalSection
	GlobalSection(SolutionProperties) = preSolution
		HideSolutionNode = FALSE
	EndGlobalSection
	GlobalSection(ExtensibilityGlobals) = postSolution
		SolutionGuid = {7AB5A5E0-43CE-4D4C-8894-4D86355EDB1E}
	EndGlobalSection
EndGlobal
